<?xml version="1.0" encoding="utf-8"?>
<Project ToolsVersion="4.0" xmlns="http://schemas.microsoft.com/developer/msbuild/2003">
  <ItemGroup>
    <Filter Include="소스 파일">
      <UniqueIdentifier>{4FC737F1-C7A5-4376-A066-2A32D752A2FF}</UniqueIdentifier>
      <Extensions>cpp;c;cc;cxx;def;odl;idl;hpj;bat;asm;asmx</Extensions>
    </Filter>
    <Filter Include="헤더 파일">
      <UniqueIdentifier>{93995380-89BD-4b04-88EB-625FBE52EBFB}</UniqueIdentifier>
      <Extensions>h;hh;hpp;hxx;hm;inl;inc;ipp;xsd</Extensions>
    </Filter>
    <Filter Include="리소스 파일">
      <UniqueIdentifier>{67DA6AB6-F800-4c08-8B7A-83BB121AAD01}</UniqueIdentifier>
      <Extensions>rc;ico;cur;bmp;dlg;rc2;rct;bin;rgs;gif;jpg;jpeg;jpe;resx;tiff;tif;png;wav;mfcribbon-ms</Extensions>
    </Filter>
    <Filter Include="01. Core">
      <UniqueIdentifier>{bd42188d-f5e3-4120-acb6-6e14902a46a0}</UniqueIdentifier>
    </Filter>
    <Filter Include="02. Stage">
      <UniqueIdentifier>{780e1e6c-0404-4155-b0cb-54cf10b273ba}</UniqueIdentifier>
    </Filter>
    <Filter Include="03. Shape">
      <UniqueIdentifier>{6bc33f8d-e15f-44e2-83bc-124bec095a26}</UniqueIdentifier>
    </Filter>
  </ItemGroup>
  <ItemGroup>
    <ClCompile Include="main.cpp">
      <Filter>소스 파일</Filter>
    </ClCompile>
    <ClCompile Include="CCore.cpp">
      <Filter>01. Core</Filter>
    </ClCompile>
    <ClCompile Include="CStageManager.cpp">
      <Filter>02. Stage</Filter>
    </ClCompile>
    <ClCompile Include="CStage.cpp">
      <Filter>02. Stage</Filter>
    </ClCompile>
    <ClCompile Include="Shape.cpp">
      <Filter>03. Shape</Filter>
    </ClCompile>
    <ClCompile Include="CRectangle.cpp">
      <Filter>03. Shape</Filter>
    </ClCompile>
    <ClCompile Include="CShapeManager.cpp">
      <Filter>03. Shape</Filter>
    </ClCompile>
  </ItemGroup>
  <ItemGroup>
    <ClInclude Include="Value.h">
      <Filter>헤더 파일</Filter>
    </ClInclude>
    <ClInclude Include="CCore.h">
      <Filter>01. Core</Filter>
    </ClInclude>
    <ClInclude Include="Macro.h">
      <Filter>헤더 파일</Filter>
    </ClInclude>
    <ClInclude Include="CStageManager.h">
      <Filter>02. Stage</Filter>
    </ClInclude>
    <ClInclude Include="CStage.h">
      <Filter>02. Stage</Filter>
    </ClInclude>
    <ClInclude Include="Shape.h">
      <Filter>03. Shape</Filter>
    </ClInclude>
    <ClInclude Include="CRectangle.h">
      <Filter>03. Shape</Filter>
    </ClInclude>
    <ClInclude Include="CShapeManager.h">
      <Filter>03. Shape</Filter>
    </ClInclude>
    <ClInclude Include="Flags.h">
      <Filter>헤더 파일</Filter>
    </ClInclude>
  </ItemGroup>
  <ItemGroup>
    <None Include="README.MD">
      <Filter>리소스 파일</Filter>
    </None>
  </ItemGroup>
</Project>